// !$*UTF8*$!
{
	archiveVersion = 1;
	classes = {
	};
	objectVersion = 46;
	objects = {

/* Begin PBXBuildFile section */
		B8AFDCAC1B420E5B00FAE17F /* AppDelegate.swift in Sources */ = {isa = PBXBuildFile; fileRef = B8AFDCAB1B420E5B00FAE17F /* AppDelegate.swift */; };
		B8AFDCAE1B420E5B00FAE17F /* ViewController.swift in Sources */ = {isa = PBXBuildFile; fileRef = B8AFDCAD1B420E5B00FAE17F /* ViewController.swift */; };
		B8AFDCB11B420E5B00FAE17F /* Main.storyboard in Resources */ = {isa = PBXBuildFile; fileRef = B8AFDCAF1B420E5B00FAE17F /* Main.storyboard */; };
		B8AFDCB31B420E5B00FAE17F /* Images.xcassets in Resources */ = {isa = PBXBuildFile; fileRef = B8AFDCB21B420E5B00FAE17F /* Images.xcassets */; };
		B8AFDCB61B420E5B00FAE17F /* LaunchScreen.xib in Resources */ = {isa = PBXBuildFile; fileRef = B8AFDCB41B420E5B00FAE17F /* LaunchScreen.xib */; };
		B8AFDCC21B420E5B00FAE17F /* me_pampa_iosdevTests.swift in Sources */ = {isa = PBXBuildFile; fileRef = B8AFDCC11B420E5B00FAE17F /* me_pampa_iosdevTests.swift */; };
/* End PBXBuildFile section */

/* Begin PBXContainerItemProxy section */
		B8AFDCBC1B420E5B00FAE17F /* PBXContainerItemProxy */ = {
			isa = PBXContainerItemProxy;
			containerPortal = B8AFDC9E1B420E5A00FAE17F /* Project object */;
			proxyType = 1;
			remoteGlobalIDString = B8AFDCA51B420E5B00FAE17F;
			remoteInfo = me.pampa.iosdev;
		};
/* End PBXContainerItemProxy section */

/* Begin PBXFileReference section */
		B8AFDCA61B420E5B00FAE17F /* me.pampa.iosdev.app */ = {isa = PBXFileReference; explicitFileType = wrapper.application; includeInIndex = 0; path = me.pampa.iosdev.app; sourceTree = BUILT_PRODUCTS_DIR; };
		B8AFDCAA1B420E5B00FAE17F /* Info.plist */ = {isa = PBXFileReference; lastKnownFileType = text.plist.xml; path = Info.plist; sourceTree = "<group>"; };
		B8AFDCAB1B420E5B00FAE17F /* AppDelegate.swift */ = {isa = PBXFileReference; lastKnownFileType = sourcecode.swift; path = AppDelegate.swift; sourceTree = "<group>"; };
		B8AFDCAD1B420E5B00FAE17F /* ViewController.swift */ = {isa = PBXFileReference; lastKnownFileType = sourcecode.swift; path = ViewController.swift; sourceTree = "<group>"; };
		B8AFDCB01B420E5B00FAE17F /* Base */ = {isa = PBXFileReference; lastKnownFileType = file.storyboard; name = Base; path = Base.lproj/Main.storyboard; sourceTree = "<group>"; };
		B8AFDCB21B420E5B00FAE17F /* Images.xcassets */ = {isa = PBXFileReference; lastKnownFileType = folder.assetcatalog; path = Images.xcassets; sourceTree = "<group>"; };
		B8AFDCB51B420E5B00FAE17F /* Base */ = {isa = PBXFileReference; lastKnownFileType = file.xib; name = Base; path = Base.lproj/LaunchScreen.xib; sourceTree = "<group>"; };
		B8AFDCBB1B420E5B00FAE17F /* me.pampa.iosdevTests.xctest */ = {isa = PBXFileReference; explicitFileType = wrapper.cfbundle; includeInIndex = 0; path = me.pampa.iosdevTests.xctest; sourceTree = BUILT_PRODUCTS_DIR; };
		B8AFDCC01B420E5B00FAE17F /* Info.plist */ = {isa = PBXFileReference; lastKnownFileType = text.plist.xml; path = Info.plist; sourceTree = "<group>"; };
		B8AFDCC11B420E5B00FAE17F /* me_pampa_iosdevTests.swift */ = {isa = PBXFileReference; lastKnownFileType = sourcecode.swift; path = me_pampa_iosdevTests.swift; sourceTree = "<group>"; };
/* End PBXFileReference section */

/* Begin PBXFrameworksBuildPhase section */
		B8AFDCA31B420E5B00FAE17F /* Frameworks */ = {
			isa = PBXFrameworksBuildPhase;
			buildActionMask = 2147483647;
			files = (
			);
			runOnlyForDeploymentPostprocessing = 0;
		};
		B8AFDCB81B420E5B00FAE17F /* Frameworks */ = {
			isa = PBXFrameworksBuildPhase;
			buildActionMask = 2147483647;
			files = (
			);
			runOnlyForDeploymentPostprocessing = 0;
		};
/* End PBXFrameworksBuildPhase section */

/* Begin PBXGroup section */
		B8AFDC9D1B420E5A00FAE17F = {
			isa = PBXGroup;
			children = (
				B8AFDCA81B420E5B00FAE17F /* me.pampa.iosdev */,
				B8AFDCBE1B420E5B00FAE17F /* me.pampa.iosdevTests */,
				B8AFDCA71B420E5B00FAE17F /* Products */,
			);
			sourceTree = "<group>";
		};
		B8AFDCA71B420E5B00FAE17F /* Products */ = {
			isa = PBXGroup;
			children = (
				B8AFDCA61B420E5B00FAE17F /* me.pampa.iosdev.app */,
				B8AFDCBB1B420E5B00FAE17F /* me.pampa.iosdevTests.xctest */,
			);
			name = Products;
			sourceTree = "<group>";
		};
		B8AFDCA81B420E5B00FAE17F /* me.pampa.iosdev */ = {
			isa = PBXGroup;
			children = (
				B8AFDCAB1B420E5B00FAE17F /* AppDelegate.swift */,
				B8AFDCAD1B420E5B00FAE17F /* ViewController.swift */,
				B8AFDCAF1B420E5B00FAE17F /* Main.storyboard */,
				B8AFDCB21B420E5B00FAE17F /* Images.xcassets */,
				B8AFDCB41B420E5B00FAE17F /* LaunchScreen.xib */,
				B8AFDCA91B420E5B00FAE17F /* Supporting Files */,
			);
			path = me.pampa.iosdev;
			sourceTree = "<group>";
		};
		B8AFDCA91B420E5B00FAE17F /* Supporting Files */ = {
			isa = PBXGroup;
			children = (
				B8AFDCAA1B420E5B00FAE17F /* Info.plist */,
			);
			name = "Supporting Files";
			sourceTree = "<group>";
		};
		B8AFDCBE1B420E5B00FAE17F /* me.pampa.iosdevTests */ = {
			isa = PBXGroup;
			children = (
				B8AFDCC11B420E5B00FAE17F /* me_pampa_iosdevTests.swift */,
				B8AFDCBF1B420E5B00FAE17F /* Supporting Files */,
			);
			path = me.pampa.iosdevTests;
			sourceTree = "<group>";
		};
		B8AFDCBF1B420E5B00FAE17F /* Supporting Files */ = {
			isa = PBXGroup;
			children = (
				B8AFDCC01B420E5B00FAE17F /* Info.plist */,
			);
			name = "Supporting Files";
			sourceTree = "<group>";
		};
/* End PBXGroup section */

/* Begin PBXNativeTarget section */
		B8AFDCA51B420E5B00FAE17F /* me.pampa.iosdev */ = {
			isa = PBXNativeTarget;
			buildConfigurationList = B8AFDCC51B420E5B00FAE17F /* Build configuration list for PBXNativeTarget "me.pampa.iosdev" */;
			buildPhases = (
				B8AFDCA21B420E5B00FAE17F /* Sources */,
				B8AFDCA31B420E5B00FAE17F /* Frameworks */,
				B8AFDCA41B420E5B00FAE17F /* Resources */,
			);
			buildRules = (
			);
			dependencies = (
			);
			name = me.pampa.iosdev;
			productName = me.pampa.iosdev;
			productReference = B8AFDCA61B420E5B00FAE17F /* me.pampa.iosdev.app */;
			productType = "com.apple.product-type.application";
		};
		B8AFDCBA1B420E5B00FAE17F /* me.pampa.iosdevTests */ = {
			isa = PBXNativeTarget;
			buildConfigurationList = B8AFDCC81B420E5B00FAE17F /* Build configuration list for PBXNativeTarget "me.pampa.iosdevTests" */;
			buildPhases = (
				B8AFDCB71B420E5B00FAE17F /* Sources */,
				B8AFDCB81B420E5B00FAE17F /* Frameworks */,
				B8AFDCB91B420E5B00FAE17F /* Resources */,
			);
			buildRules = (
			);
			dependencies = (
				B8AFDCBD1B420E5B00FAE17F /* PBXTargetDependency */,
			);
			name = me.pampa.iosdevTests;
			productName = me.pampa.iosdevTests;
			productReference = B8AFDCBB1B420E5B00FAE17F /* me.pampa.iosdevTests.xctest */;
			productType = "com.apple.product-type.bundle.unit-test";
		};
/* End PBXNativeTarget section */

/* Begin PBXProject section */
		B8AFDC9E1B420E5A00FAE17F /* Project object */ = {
			isa = PBXProject;
			attributes = {
				LastUpgradeCheck = 0630;
				ORGANIZATIONNAME = pampa;
				TargetAttributes = {
					B8AFDCA51B420E5B00FAE17F = {
						CreatedOnToolsVersion = 6.3;
					};
					B8AFDCBA1B420E5B00FAE17F = {
						CreatedOnToolsVersion = 6.3;
						TestTargetID = B8AFDCA51B420E5B00FAE17F;
					};
				};
			};
			buildConfigurationList = B8AFDCA11B420E5A00FAE17F /* Build configuration list for PBXProject "me.pampa.iosdev" */;
			compatibilityVersion = "Xcode 3.2";
			developmentRegion = English;
			hasScannedForEncodings = 0;
			knownRegions = (
				en,
				Base,
			);
			mainGroup = B8AFDC9D1B420E5A00FAE17F;
			productRefGroup = B8AFDCA71B420E5B00FAE17F /* Products */;
			projectDirPath = "";
			projectRoot = "";
			targets = (
				B8AFDCA51B420E5B00FAE17F /* me.pampa.iosdev */,
				B8AFDCBA1B420E5B00FAE17F /* me.pampa.iosdevTests */,
			);
		};
/* End PBXProject section */

/* Begin PBXResourcesBuildPhase section */
		B8AFDCA41B420E5B00FAE17F /* Resources */ = {
			isa = PBXResourcesBuildPhase;
			buildActionMask = 2147483647;
			files = (
				B8AFDCB11B420E5B00FAE17F /* Main.storyboard in Resources */,
				B8AFDCB61B420E5B00FAE17F /* LaunchScreen.xib in Resources */,
				B8AFDCB31B420E5B00FAE17F /* Images.xcassets in Resources */,
			);
			runOnlyForDeploymentPostprocessing = 0;
		};
		B8AFDCB91B420E5B00FAE17F /* Resources */ = {
			isa = PBXResourcesBuildPhase;
			buildActionMask = 2147483647;
			files = (
			);
			runOnlyForDeploymentPostprocessing = 0;
		};
/* End PBXResourcesBuildPhase section */

/* Begin PBXSourcesBuildPhase section */
		B8AFDCA21B420E5B00FAE17F /* Sources */ = {
			isa = PBXSourcesBuildPhase;
			buildActionMask = 2147483647;
			files = (
				B8AFDCAE1B420E5B00FAE17F /* ViewController.swift in Sources */,
				B8AFDCAC1B420E5B00FAE17F /* AppDelegate.swift in Sources */,
			);
			runOnlyForDeploymentPostprocessing = 0;
		};
		B8AFDCB71B420E5B00FAE17F /* Sources */ = {
			isa = PBXSourcesBuildPhase;
			buildActionMask = 2147483647;
			files = (
				B8AFDCC21B420E5B00FAE17F /* me_pampa_iosdevTests.swift in Sources */,
			);
			runOnlyForDeploymentPostprocessing = 0;
		};
/* End PBXSourcesBuildPhase section */

/* Begin PBXTargetDependency section */
		B8AFDCBD1B420E5B00FAE17F /* PBXTargetDependency */ = {
			isa = PBXTargetDependency;
			target = B8AFDCA51B420E5B00FAE17F /* me.pampa.iosdev */;
			targetProxy = B8AFDCBC1B420E5B00FAE17F /* PBXContainerItemProxy */;
		};
/* End PBXTargetDependency section */

/* Begin PBXVariantGroup section */
		B8AFDCAF1B420E5B00FAE17F /* Main.storyboard */ = {
			isa = PBXVariantGroup;
			children = (
				B8AFDCB01B420E5B00FAE17F /* Base */,
			);
			name = Main.storyboard;
			sourceTree = "<group>";
		};
		B8AFDCB41B420E5B00FAE17F /* LaunchScreen.xib */ = {
			isa = PBXVariantGroup;
			children = (
				B8AFDCB51B420E5B00FAE17F /* Base */,
			);
			name = LaunchScreen.xib;
			sourceTree = "<group>";
		};
/* End PBXVariantGroup section */

/* Begin XCBuildConfiguration section */
		B8AFDCC31B420E5B00FAE17F /* Debug */ = {
			isa = XCBuildConfiguration;
			buildSettings = {
				ALWAYS_SEARCH_USER_PATHS = NO;
				CLANG_CXX_LANGUAGE_STANDARD = "gnu++0x";
				CLANG_CXX_LIBRARY = "libc++";
				CLANG_ENABLE_MODULES = YES;
				CLANG_ENABLE_OBJC_ARC = YES;
				CLANG_WARN_BOOL_CONVERSION = YES;
				CLANG_WARN_CONSTANT_CONVERSION = YES;
				CLANG_WARN_DIRECT_OBJC_ISA_USAGE = YES_ERROR;
				CLANG_WARN_EMPTY_BODY = YES;
				CLANG_WARN_ENUM_CONVERSION = YES;
				CLANG_WARN_INT_CONVERSION = YES;
				CLANG_WARN_OBJC_ROOT_CLASS = YES_ERROR;
				CLANG_WARN_UNREACHABLE_CODE = YES;
				CLANG_WARN__DUPLICATE_METHOD_MATCH = YES;
				"CODE_SIGN_IDENTITY[sdk=iphoneos*]" = "iPhone Developer";
				COPY_PHASE_STRIP = NO;
				DEBUG_INFORMATION_FORMAT = "dwarf-with-dsym";
				ENABLE_STRICT_OBJC_MSGSEND = YES;
				GCC_C_LANGUAGE_STANDARD = gnu99;
				GCC_DYNAMIC_NO_PIC = NO;
				GCC_NO_COMMON_BLOCKS = YES;
				GCC_OPTIMIZATION_LEVEL = 0;
				GCC_PREPROCESSOR_DEFINITIONS = (
					"DEBUG=1",
					"$(inherited)",
				);
				GCC_SYMBOLS_PRIVATE_EXTERN = NO;
				GCC_WARN_64_TO_32_BIT_CONVERSION = YES;
				GCC_WARN_ABOUT_RETURN_TYPE = YES_ERROR;
				GCC_WARN_UNDECLARED_SELECTOR = YES;
				GCC_WARN_UNINITIALIZED_AUTOS = YES_AGGRESSIVE;
				GCC_WARN_UNUSED_FUNCTION = YES;
				GCC_WARN_UNUSED_VARIABLE = YES;
				IPHONEOS_DEPLOYMENT_TARGET = 8.3;
				MTL_ENABLE_DEBUG_INFO = YES;
				ONLY_ACTIVE_ARCH = YES;
				SDKROOT = iphoneos;
				SWIFT_OPTIMIZATION_LEVEL = "-Onone";
			};
			name = Debug;
		};
		B8AFDCC41B420E5B00FAE17F /* Release */ = {
			isa = XCBuildConfiguration;
			buildSettings = {
				ALWAYS_SEARCH_USER_PATHS = NO;
				CLANG_CXX_LANGUAGE_STANDARD = "gnu++0x";
				CLANG_CXX_LIBRARY = "libc++";
				CLANG_ENABLE_MODULES = YES;
				CLANG_ENABLE_OBJC_ARC = YES;
				CLANG_WARN_BOOL_CONVERSION = YES;
				CLANG_WARN_CONSTANT_CONVERSION = YES;
				CLANG_WARN_DIRECT_OBJC_ISA_USAGE = YES_ERROR;
				CLANG_WARN_EMPTY_BODY = YES;
				CLANG_WARN_ENUM_CONVERSION = YES;
				CLANG_WARN_INT_CONVERSION = YES;
				CLANG_WARN_OBJC_ROOT_CLASS = YES_ERROR;
				CLANG_WARN_UNREACHABLE_CODE = YES;
				CLANG_WARN__DUPLICATE_METHOD_MATCH = YES;
				"CODE_SIGN_IDENTITY[sdk=iphoneos*]" = "iPhone Developer";
				COPY_PHASE_STRIP = NO;
				DEBUG_INFORMATION_FORMAT = "dwarf-with-dsym";
				ENABLE_NS_ASSERTIONS = NO;
				ENABLE_STRICT_OBJC_MSGSEND = YES;
				GCC_C_LANGUAGE_STANDARD = gnu99;
				GCC_NO_COMMON_BLOCKS = YES;
				GCC_WARN_64_TO_32_BIT_CONVERSION = YES;
				GCC_WARN_ABOUT_RETURN_TYPE = YES_ERROR;
				GCC_WARN_UNDECLARED_SELECTOR = YES;
				GCC_WARN_UNINITIALIZED_AUTOS = YES_AGGRESSIVE;
				GCC_WARN_UNUSED_FUNCTION = YES;
				GCC_WARN_UNUSED_VARIABLE = YES;
				IPHONEOS_DEPLOYMENT_TARGET = 8.3;
				MTL_ENABLE_DEBUG_INFO = NO;
				SDKROOT = iphoneos;
				VALIDATE_PRODUCT = YES;
			};
			name = Release;
		};
		B8AFDCC61B420E5B00FAE17F /* Debug */ = {
			isa = XCBuildConfiguration;
			buildSettings = {
				ASSETCATALOG_COMPILER_APPICON_NAME = AppIcon;
				INFOPLIST_FILE = me.pampa.iosdev/Info.plist;
				LD_RUNPATH_SEARCH_PATHS = "$(inherited) @executable_path/Frameworks";
				PRODUCT_NAME = "$(TARGET_NAME)";
			};
			name = Debug;
		};
		B8AFDCC71B420E5B00FAE17F /* Release */ = {
			isa = XCBuildConfiguration;
			buildSettings = {
				ASSETCATALOG_COMPILER_APPICON_NAME = AppIcon;
				INFOPLIST_FILE = me.pampa.iosdev/Info.plist;
				LD_RUNPATH_SEARCH_PATHS = "$(inherited) @executable_path/Frameworks";
				PRODUCT_NAME = "$(TARGET_NAME)";
			};
			name = Release;
		};
		B8AFDCC91B420E5B00FAE17F /* Debug */ = {
			isa = XCBuildConfiguration;
			buildSettings = {
				BUNDLE_LOADER = "$(TEST_HOST)";
				FRAMEWORK_SEARCH_PATHS = (
					"$(SDKROOT)/Developer/Library/Frameworks",
					"$(inherited)",
				);
				GCC_PREPROCESSOR_DEFINITIONS = (
					"DEBUG=1",
					"$(inherited)",
				);
				INFOPLIST_FILE = me.pampa.iosdevTests/Info.plist;
				LD_RUNPATH_SEARCH_PATHS = "$(inherited) @executable_path/Frameworks @loader_path/Frameworks";
				PRODUCT_NAME = "$(TARGET_NAME)";
				TEST_HOST = "$(BUILT_PRODUCTS_DIR)/me.pampa.iosdev.app/me.pampa.iosdev";
			};
			name = Debug;
		};
		B8AFDCCA1B420E5B00FAE17F /* Release */ = {
			isa = XCBuildConfiguration;
			buildSettings = {
				BUNDLE_LOADER = "$(TEST_HOST)";
				FRAMEWORK_SEARCH_PATHS = (
					"$(SDKROOT)/Developer/Library/Frameworks",
					"$(inherited)",
				);
				INFOPLIST_FILE = me.pampa.iosdevTests/Info.plist;
				LD_RUNPATH_SEARCH_PATHS = "$(inherited) @executable_path/Frameworks @loader_path/Frameworks";
				PRODUCT_NAME = "$(TARGET_NAME)";
				TEST_HOST = "$(BUILT_PRODUCTS_DIR)/me.pampa.iosdev.app/me.pampa.iosdev";
			};
			name = Release;
		};
/* End XCBuildConfiguration section */

/* Begin XCConfigurationList section */
		B8AFDCA11B420E5A00FAE17F /* Build configuration list for PBXProject "me.pampa.iosdev" */ = {
			isa = XCConfigurationList;
			buildConfigurations = (
				B8AFDCC31B420E5B00FAE17F /* Debug */,
				B8AFDCC41B420E5B00FAE17F /* Release */,
			);
			defaultConfigurationIsVisible = 0;
			defaultConfigurationName = Release;
		};
		B8AFDCC51B420E5B00FAE17F /* Build configuration list for PBXNativeTarget "me.pampa.iosdev" */ = {
			isa = XCConfigurationList;
			buildConfigurations = (
				B8AFDCC61B420E5B00FAE17F /* Debug */,
				B8AFDCC71B420E5B00FAE17F /* Release */,
			);
			defaultConfigurationIsVisible = 0;
		};
		B8AFDCC81B420E5B00FAE17F /* Build configuration list for PBXNativeTarget "me.pampa.iosdevTests" */ = {
			isa = XCConfigurationList;
			buildConfigurations = (
				B8AFDCC91B420E5B00FAE17F /* Debug */,
				B8AFDCCA1B420E5B00FAE17F /* Release */,
			);
			defaultConfigurationIsVisible = 0;
		};
/* End XCConfigurationList section */
	};
	rootObject = B8AFDC9E1B420E5A00FAE17F /* Project object */;
}
